// !$*UTF8*$!
{
	archiveVersion = 1;
	classes = {
	};
	objectVersion = 55;
	objects = {

/* Begin PBXBuildFile section */
		BA10BD992790444800BCB417 /* InputNodeView.swift in Sources */ = {isa = PBXBuildFile; fileRef = BA10BD982790444800BCB417 /* InputNodeView.swift */; };
		BACD231327958C56008086D9 /* TreeView.swift in Sources */ = {isa = PBXBuildFile; fileRef = BACD231227958C55008086D9 /* TreeView.swift */; };
		BADFADC8277DB38F00D17DFE /* AppDelegate.swift in Sources */ = {isa = PBXBuildFile; fileRef = BADFADC7277DB38F00D17DFE /* AppDelegate.swift */; };
		BADFADCA277DB38F00D17DFE /* SceneDelegate.swift in Sources */ = {isa = PBXBuildFile; fileRef = BADFADC9277DB38F00D17DFE /* SceneDelegate.swift */; };
		BADFADCC277DB38F00D17DFE /* ViewController.swift in Sources */ = {isa = PBXBuildFile; fileRef = BADFADCB277DB38F00D17DFE /* ViewController.swift */; };
		BADFADD1277DB39800D17DFE /* Assets.xcassets in Resources */ = {isa = PBXBuildFile; fileRef = BADFADD0277DB39800D17DFE /* Assets.xcassets */; };
		BADFADD4277DB39800D17DFE /* LaunchScreen.storyboard in Resources */ = {isa = PBXBuildFile; fileRef = BADFADD2277DB39800D17DFE /* LaunchScreen.storyboard */; };
		BADFADDF277DBA2000D17DFE /* Node.swift in Sources */ = {isa = PBXBuildFile; fileRef = BADFADDE277DBA2000D17DFE /* Node.swift */; };
		BADFADE4277DBB5800D17DFE /* NodeView.swift in Sources */ = {isa = PBXBuildFile; fileRef = BADFADE3277DBB5800D17DFE /* NodeView.swift */; };
		BADFADE6277DC03300D17DFE /* RedBlackTree.swift in Sources */ = {isa = PBXBuildFile; fileRef = BADFADE5277DC03300D17DFE /* RedBlackTree.swift */; };
		BAE280A4278C8EB7000ECE50 /* Constants.swift in Sources */ = {isa = PBXBuildFile; fileRef = BAE280A3278C8EB7000ECE50 /* Constants.swift */; };
/* End PBXBuildFile section */

/* Begin PBXFileReference section */
		BA10BD982790444800BCB417 /* InputNodeView.swift */ = {isa = PBXFileReference; lastKnownFileType = sourcecode.swift; path = InputNodeView.swift; sourceTree = "<group>"; };
		BACD231227958C55008086D9 /* TreeView.swift */ = {isa = PBXFileReference; lastKnownFileType = sourcecode.swift; path = TreeView.swift; sourceTree = "<group>"; };
		BADFADC4277DB38F00D17DFE /* RedBlackTree.app */ = {isa = PBXFileReference; explicitFileType = wrapper.application; includeInIndex = 0; path = RedBlackTree.app; sourceTree = BUILT_PRODUCTS_DIR; };
		BADFADC7277DB38F00D17DFE /* AppDelegate.swift */ = {isa = PBXFileReference; lastKnownFileType = sourcecode.swift; path = AppDelegate.swift; sourceTree = "<group>"; };
		BADFADC9277DB38F00D17DFE /* SceneDelegate.swift */ = {isa = PBXFileReference; lastKnownFileType = sourcecode.swift; path = SceneDelegate.swift; sourceTree = "<group>"; };
		BADFADCB277DB38F00D17DFE /* ViewController.swift */ = {isa = PBXFileReference; lastKnownFileType = sourcecode.swift; path = ViewController.swift; sourceTree = "<group>"; };
		BADFADD0277DB39800D17DFE /* Assets.xcassets */ = {isa = PBXFileReference; lastKnownFileType = folder.assetcatalog; path = Assets.xcassets; sourceTree = "<group>"; };
		BADFADD3277DB39800D17DFE /* Base */ = {isa = PBXFileReference; lastKnownFileType = file.storyboard; name = Base; path = Base.lproj/LaunchScreen.storyboard; sourceTree = "<group>"; };
		BADFADD5277DB39800D17DFE /* Info.plist */ = {isa = PBXFileReference; lastKnownFileType = text.plist.xml; path = Info.plist; sourceTree = "<group>"; };
		BADFADDE277DBA2000D17DFE /* Node.swift */ = {isa = PBXFileReference; lastKnownFileType = sourcecode.swift; path = Node.swift; sourceTree = "<group>"; };
		BADFADE3277DBB5800D17DFE /* NodeView.swift */ = {isa = PBXFileReference; lastKnownFileType = sourcecode.swift; path = NodeView.swift; sourceTree = "<group>"; };
		BADFADE5277DC03300D17DFE /* RedBlackTree.swift */ = {isa = PBXFileReference; lastKnownFileType = sourcecode.swift; path = RedBlackTree.swift; sourceTree = "<group>"; };
		BAE280A3278C8EB7000ECE50 /* Constants.swift */ = {isa = PBXFileReference; lastKnownFileType = sourcecode.swift; path = Constants.swift; sourceTree = "<group>"; };
/* End PBXFileReference section */

/* Begin PBXFrameworksBuildPhase section */
		BADFADC1277DB38F00D17DFE /* Frameworks */ = {
			isa = PBXFrameworksBuildPhase;
			buildActionMask = 2147483647;
			files = (
			);
			runOnlyForDeploymentPostprocessing = 0;
		};
/* End PBXFrameworksBuildPhase section */

/* Begin PBXGroup section */
		BA8FD46D27AAC921007362A0 /* View */ = {
			isa = PBXGroup;
			children = (
				BACD231227958C55008086D9 /* TreeView.swift */,
				BADFADE3277DBB5800D17DFE /* NodeView.swift */,
				BA10BD982790444800BCB417 /* InputNodeView.swift */,
			);
			path = View;
			sourceTree = "<group>";
		};
		BADFADBB277DB38F00D17DFE = {
			isa = PBXGroup;
			children = (
				BADFADC6277DB38F00D17DFE /* RedBlackTree */,
				BADFADC5277DB38F00D17DFE /* Products */,
			);
			sourceTree = "<group>";
		};
		BADFADC5277DB38F00D17DFE /* Products */ = {
			isa = PBXGroup;
			children = (
				BADFADC4277DB38F00D17DFE /* RedBlackTree.app */,
			);
			name = Products;
			sourceTree = "<group>";
		};
		BADFADC6277DB38F00D17DFE /* RedBlackTree */ = {
			isa = PBXGroup;
			children = (
				BADFADDC277DB9A800D17DFE /* App */,
				BADFADDD277DBA0200D17DFE /* Model */,
				BADFADE0277DBB1C00D17DFE /* UI */,
				BADFADDB277DB9A200D17DFE /* SupportingFiles */,
				BADFADD5277DB39800D17DFE /* Info.plist */,
			);
			path = RedBlackTree;
			sourceTree = "<group>";
		};
		BADFADDB277DB9A200D17DFE /* SupportingFiles */ = {
			isa = PBXGroup;
			children = (
				BADFADD0277DB39800D17DFE /* Assets.xcassets */,
				BADFADD2277DB39800D17DFE /* LaunchScreen.storyboard */,
				BAE280A3278C8EB7000ECE50 /* Constants.swift */,
			);
			path = SupportingFiles;
			sourceTree = "<group>";
		};
		BADFADDC277DB9A800D17DFE /* App */ = {
			isa = PBXGroup;
			children = (
				BADFADC7277DB38F00D17DFE /* AppDelegate.swift */,
				BADFADC9277DB38F00D17DFE /* SceneDelegate.swift */,
			);
			path = App;
			sourceTree = "<group>";
		};
		BADFADDD277DBA0200D17DFE /* Model */ = {
			isa = PBXGroup;
			children = (
				BADFADE5277DC03300D17DFE /* RedBlackTree.swift */,
				BADFADDE277DBA2000D17DFE /* Node.swift */,
			);
			path = Model;
			sourceTree = "<group>";
		};
		BADFADE0277DBB1C00D17DFE /* UI */ = {
			isa = PBXGroup;
			children = (
				BADFADCB277DB38F00D17DFE /* ViewController.swift */,
				BA8FD46D27AAC921007362A0 /* View */,
			);
			path = UI;
			sourceTree = "<group>";
		};
/* End PBXGroup section */

/* Begin PBXNativeTarget section */
		BADFADC3277DB38F00D17DFE /* RedBlackTree */ = {
			isa = PBXNativeTarget;
			buildConfigurationList = BADFADD8277DB39800D17DFE /* Build configuration list for PBXNativeTarget "RedBlackTree" */;
			buildPhases = (
				BADFADC0277DB38F00D17DFE /* Sources */,
				BADFADC1277DB38F00D17DFE /* Frameworks */,
				BADFADC2277DB38F00D17DFE /* Resources */,
			);
			buildRules = (
			);
			dependencies = (
			);
			name = RedBlackTree;
			productName = RedBlackTree;
			productReference = BADFADC4277DB38F00D17DFE /* RedBlackTree.app */;
			productType = "com.apple.product-type.application";
		};
/* End PBXNativeTarget section */

/* Begin PBXProject section */
		BADFADBC277DB38F00D17DFE /* Project object */ = {
			isa = PBXProject;
			attributes = {
				BuildIndependentTargetsInParallel = 1;
				LastSwiftUpdateCheck = 1320;
				LastUpgradeCheck = 1320;
				TargetAttributes = {
					BADFADC3277DB38F00D17DFE = {
						CreatedOnToolsVersion = 13.2.1;
					};
				};
			};
			buildConfigurationList = BADFADBF277DB38F00D17DFE /* Build configuration list for PBXProject "RedBlackTree" */;
			compatibilityVersion = "Xcode 13.0";
			developmentRegion = en;
			hasScannedForEncodings = 0;
			knownRegions = (
				en,
				Base,
			);
			mainGroup = BADFADBB277DB38F00D17DFE;
			productRefGroup = BADFADC5277DB38F00D17DFE /* Products */;
			projectDirPath = "";
			projectRoot = "";
			targets = (
				BADFADC3277DB38F00D17DFE /* RedBlackTree */,
			);
		};
/* End PBXProject section */

/* Begin PBXResourcesBuildPhase section */
		BADFADC2277DB38F00D17DFE /* Resources */ = {
			isa = PBXResourcesBuildPhase;
			buildActionMask = 2147483647;
			files = (
				BADFADD4277DB39800D17DFE /* LaunchScreen.storyboard in Resources */,
				BADFADD1277DB39800D17DFE /* Assets.xcassets in Resources */,
			);
			runOnlyForDeploymentPostprocessing = 0;
		};
/* End PBXResourcesBuildPhase section */

/* Begin PBXSourcesBuildPhase section */
		BADFADC0277DB38F00D17DFE /* Sources */ = {
			isa = PBXSourcesBuildPhase;
			buildActionMask = 2147483647;
			files = (
				BADFADCC277DB38F00D17DFE /* ViewController.swift in Sources */,
				BADFADC8277DB38F00D17DFE /* AppDelegate.swift in Sources */,
				BADFADCA277DB38F00D17DFE /* SceneDelegate.swift in Sources */,
				BADFADDF277DBA2000D17DFE /* Node.swift in Sources */,
				BADFADE4277DBB5800D17DFE /* NodeView.swift in Sources */,
				BADFADE6277DC03300D17DFE /* RedBlackTree.swift in Sources */,
				BACD231327958C56008086D9 /* TreeView.swift in Sources */,
				BA10BD992790444800BCB417 /* InputNodeView.swift in Sources */,
				BAE280A4278C8EB7000ECE50 /* Constants.swift in Sources */,
			);
			runOnlyForDeploymentPostprocessing = 0;
		};
/* End PBXSourcesBuildPhase section */

/* Begin PBXVariantGroup section */
		BADFADD2277DB39800D17DFE /* LaunchScreen.storyboard */ = {
			isa = PBXVariantGroup;
			children = (
				BADFADD3277DB39800D17DFE /* Base */,
			);
			name = LaunchScreen.storyboard;
			sourceTree = "<group>";
		};
/* End PBXVariantGroup section */

/* Begin XCBuildConfiguration section */
		BADFADD6277DB39800D17DFE /* Debug */ = {
			isa = XCBuildConfiguration;
			buildSettings = {
				ALWAYS_SEARCH_USER_PATHS = NO;
				CLANG_ANALYZER_NONNULL = YES;
				CLANG_ANALYZER_NUMBER_OBJECT_CONVERSION = YES_AGGRESSIVE;
				CLANG_CXX_LANGUAGE_STANDARD = "gnu++17";
				CLANG_CXX_LIBRARY = "libc++";
				CLANG_ENABLE_MODULES = YES;
				CLANG_ENABLE_OBJC_ARC = YES;
				CLANG_ENABLE_OBJC_WEAK = YES;
				CLANG_WARN_BLOCK_CAPTURE_AUTORELEASING = YES;
				CLANG_WARN_BOOL_CONVERSION = YES;
				CLANG_WARN_COMMA = YES;
				CLANG_WARN_CONSTANT_CONVERSION = YES;
				CLANG_WARN_DEPRECATED_OBJC_IMPLEMENTATIONS = YES;
				CLANG_WARN_DIRECT_OBJC_ISA_USAGE = YES_ERROR;
				CLANG_WARN_DOCUMENTATION_COMMENTS = YES;
				CLANG_WARN_EMPTY_BODY = YES;
				CLANG_WARN_ENUM_CONVERSION = YES;
				CLANG_WARN_INFINITE_RECURSION = YES;
				CLANG_WARN_INT_CONVERSION = YES;
				CLANG_WARN_NON_LITERAL_NULL_CONVERSION = YES;
				CLANG_WARN_OBJC_IMPLICIT_RETAIN_SELF = YES;
				CLANG_WARN_OBJC_LITERAL_CONVERSION = YES;
				CLANG_WARN_OBJC_ROOT_CLASS = YES_ERROR;
				CLANG_WARN_QUOTED_INCLUDE_IN_FRAMEWORK_HEADER = YES;
				CLANG_WARN_RANGE_LOOP_ANALYSIS = YES;
				CLANG_WARN_STRICT_PROTOTYPES = YES;
				CLANG_WARN_SUSPICIOUS_MOVE = YES;
				CLANG_WARN_UNGUARDED_AVAILABILITY = YES_AGGRESSIVE;
				CLANG_WARN_UNREACHABLE_CODE = YES;
				CLANG_WARN__DUPLICATE_METHOD_MATCH = YES;
				COPY_PHASE_STRIP = NO;
				DEBUG_INFORMATION_FORMAT = dwarf;
				ENABLE_STRICT_OBJC_MSGSEND = YES;
				ENABLE_TESTABILITY = YES;
				GCC_C_LANGUAGE_STANDARD = gnu11;
				GCC_DYNAMIC_NO_PIC = NO;
				GCC_NO_COMMON_BLOCKS = YES;
				GCC_OPTIMIZATION_LEVEL = 0;
				GCC_PREPROCESSOR_DEFINITIONS = (
					"DEBUG=1",
					"$(inherited)",
				);
				GCC_WARN_64_TO_32_BIT_CONVERSION = YES;
				GCC_WARN_ABOUT_RETURN_TYPE = YES_ERROR;
				GCC_WARN_UNDECLARED_SELECTOR = YES;
				GCC_WARN_UNINITIALIZED_AUTOS = YES_AGGRESSIVE;
				GCC_WARN_UNUSED_FUNCTION = YES;
				GCC_WARN_UNUSED_VARIABLE = YES;
				IPHONEOS_DEPLOYMENT_TARGET = 15.2;
				MTL_ENABLE_DEBUG_INFO = INCLUDE_SOURCE;
				MTL_FAST_MATH = YES;
				ONLY_ACTIVE_ARCH = YES;
				SDKROOT = iphoneos;
				SWIFT_ACTIVE_COMPILATION_CONDITIONS = DEBUG;
				SWIFT_OPTIMIZATION_LEVEL = "-Onone";
			};
			name = Debug;
		};
		BADFADD7277DB39800D17DFE /* Release */ = {
			isa = XCBuildConfiguration;
			buildSettings = {
				ALWAYS_SEARCH_USER_PATHS = NO;
				CLANG_ANALYZER_NONNULL = YES;
				CLANG_ANALYZER_NUMBER_OBJECT_CONVERSION = YES_AGGRESSIVE;
				CLANG_CXX_LANGUAGE_STANDARD = "gnu++17";
				CLANG_CXX_LIBRARY = "libc++";
				CLANG_ENABLE_MODULES = YES;
				CLANG_ENABLE_OBJC_ARC = YES;
				CLANG_ENABLE_OBJC_WEAK = YES;
				CLANG_WARN_BLOCK_CAPTURE_AUTORELEASING = YES;
				CLANG_WARN_BOOL_CONVERSION = YES;
				CLANG_WARN_COMMA = YES;
				CLANG_WARN_CONSTANT_CONVERSION = YES;
				CLANG_WARN_DEPRECATED_OBJC_IMPLEMENTATIONS = YES;
				CLANG_WARN_DIRECT_OBJC_ISA_USAGE = YES_ERROR;
				CLANG_WARN_DOCUMENTATION_COMMENTS = YES;
				CLANG_WARN_EMPTY_BODY = YES;
				CLANG_WARN_ENUM_CONVERSION = YES;
				CLANG_WARN_INFINITE_RECURSION = YES;
				CLANG_WARN_INT_CONVERSION = YES;
				CLANG_WARN_NON_LITERAL_NULL_CONVERSION = YES;
				CLANG_WARN_OBJC_IMPLICIT_RETAIN_SELF = YES;
				CLANG_WARN_OBJC_LITERAL_CONVERSION = YES;
				CLANG_WARN_OBJC_ROOT_CLASS = YES_ERROR;
				CLANG_WARN_QUOTED_INCLUDE_IN_FRAMEWORK_HEADER = YES;
				CLANG_WARN_RANGE_LOOP_ANALYSIS = YES;
				CLANG_WARN_STRICT_PROTOTYPES = YES;
				CLANG_WARN_SUSPICIOUS_MOVE = YES;
				CLANG_WARN_UNGUARDED_AVAILABILITY = YES_AGGRESSIVE;
				CLANG_WARN_UNREACHABLE_CODE = YES;
				CLANG_WARN__DUPLICATE_METHOD_MATCH = YES;
				COPY_PHASE_STRIP = NO;
				DEBUG_INFORMATION_FORMAT = "dwarf-with-dsym";
				ENABLE_NS_ASSERTIONS = NO;
				ENABLE_STRICT_OBJC_MSGSEND = YES;
				GCC_C_LANGUAGE_STANDARD = gnu11;
				GCC_NO_COMMON_BLOCKS = YES;
				GCC_WARN_64_TO_32_BIT_CONVERSION = YES;
				GCC_WARN_ABOUT_RETURN_TYPE = YES_ERROR;
				GCC_WARN_UNDECLARED_SELECTOR = YES;
				GCC_WARN_UNINITIALIZED_AUTOS = YES_AGGRESSIVE;
				GCC_WARN_UNUSED_FUNCTION = YES;
				GCC_WARN_UNUSED_VARIABLE = YES;
				IPHONEOS_DEPLOYMENT_TARGET = 15.2;
				MTL_ENABLE_DEBUG_INFO = NO;
				MTL_FAST_MATH = YES;
				SDKROOT = iphoneos;
				SWIFT_COMPILATION_MODE = wholemodule;
				SWIFT_OPTIMIZATION_LEVEL = "-O";
				VALIDATE_PRODUCT = YES;
			};
			name = Release;
		};
		BADFADD9277DB39800D17DFE /* Debug */ = {
			isa = XCBuildConfiguration;
			buildSettings = {
				ASSETCATALOG_COMPILER_APPICON_NAME = AppIcon;
				ASSETCATALOG_COMPILER_GLOBAL_ACCENT_COLOR_NAME = AccentColor;
				CODE_SIGN_STYLE = Automatic;
				CURRENT_PROJECT_VERSION = 1;
				DEVELOPMENT_TEAM = HQ597X4W3A;
				GENERATE_INFOPLIST_FILE = YES;
				INFOPLIST_FILE = RedBlackTree/Info.plist;
				INFOPLIST_KEY_UIApplicationSupportsIndirectInputEvents = YES;
				INFOPLIST_KEY_UILaunchStoryboardName = LaunchScreen;
				INFOPLIST_KEY_UISupportedInterfaceOrientations = "UIInterfaceOrientationLandscapeLeft UIInterfaceOrientationPortrait UIInterfaceOrientationPortraitUpsideDown UIInterfaceOrientationLandscapeRight";
				INFOPLIST_KEY_UISupportedInterfaceOrientations_iPad = "UIInterfaceOrientationPortrait UIInterfaceOrientationPortraitUpsideDown UIInterfaceOrientationLandscapeLeft UIInterfaceOrientationLandscapeRight";
				INFOPLIST_KEY_UISupportedInterfaceOrientations_iPhone = "UIInterfaceOrientationPortrait UIInterfaceOrientationLandscapeLeft UIInterfaceOrientationLandscapeRight";
				IPHONEOS_DEPLOYMENT_TARGET = 13.0;
				LD_RUNPATH_SEARCH_PATHS = (
					"$(inherited)",
					"@executable_path/Frameworks",
				);
				MARKETING_VERSION = 1.0;
				PRODUCT_BUNDLE_IDENTIFIER = com.ivanilovgerman.RedBlackTree;
				PRODUCT_NAME = "$(TARGET_NAME)";
				SWIFT_EMIT_LOC_STRINGS = YES;
				SWIFT_VERSION = 5.0;
				TARGETED_DEVICE_FAMILY = 1;
			};
			name = Debug;
		};
		BADFADDA277DB39800D17DFE /* Release */ = {
			isa = XCBuildConfiguration;
			buildSettings = {
				ASSETCATALOG_COMPILER_APPICON_NAME = AppIcon;
				ASSETCATALOG_COMPILER_GLOBAL_ACCENT_COLOR_NAME = AccentColor;
				CODE_SIGN_STYLE = Automatic;
				CURRENT_PROJECT_VERSION = 1;
				DEVELOPMENT_TEAM = HQ597X4W3A;
				GENERATE_INFOPLIST_FILE = YES;
				INFOPLIST_FILE = RedBlackTree/Info.plist;
				INFOPLIST_KEY_UIApplicationSupportsIndirectInputEvents = YES;
				INFOPLIST_KEY_UILaunchStoryboardName = LaunchScreen;
				INFOPLIST_KEY_UISupportedInterfaceOrientations = "UIInterfaceOrientationLandscapeLeft UIInterfaceOrientationPortrait UIInterfaceOrientationPortraitUpsideDown UIInterfaceOrientationLandscapeRight";
				INFOPLIST_KEY_UISupportedInterfaceOrientations_iPad = "UIInterfaceOrientationPortrait UIInterfaceOrientationPortraitUpsideDown UIInterfaceOrientationLandscapeLeft UIInterfaceOrientationLandscapeRight";
				INFOPLIST_KEY_UISupportedInterfaceOrientations_iPhone = "UIInterfaceOrientationPortrait UIInterfaceOrientationLandscapeLeft UIInterfaceOrientationLandscapeRight";
				IPHONEOS_DEPLOYMENT_TARGET = 13.0;
				LD_RUNPATH_SEARCH_PATHS = (
					"$(inherited)",
					"@executable_path/Frameworks",
				);
				MARKETING_VERSION = 1.0;
				PRODUCT_BUNDLE_IDENTIFIER = com.ivanilovgerman.RedBlackTree;
				PRODUCT_NAME = "$(TARGET_NAME)";
				SWIFT_EMIT_LOC_STRINGS = YES;
				SWIFT_VERSION = 5.0;
				TARGETED_DEVICE_FAMILY = 1;
			};
			name = Release;
		};
/* End XCBuildConfiguration section */

/* Begin XCConfigurationList section */
		BADFADBF277DB38F00D17DFE /* Build configuration list for PBXProject "RedBlackTree" */ = {
			isa = XCConfigurationList;
			buildConfigurations = (
				BADFADD6277DB39800D17DFE /* Debug */,
				BADFADD7277DB39800D17DFE /* Release */,
			);
			defaultConfigurationIsVisible = 0;
			defaultConfigurationName = Release;
		};
		BADFADD8277DB39800D17DFE /* Build configuration list for PBXNativeTarget "RedBlackTree" */ = {
			isa = XCConfigurationList;
			buildConfigurations = (
				BADFADD9277DB39800D17DFE /* Debug */,
				BADFADDA277DB39800D17DFE /* Release */,
			);
			defaultConfigurationIsVisible = 0;
			defaultConfigurationName = Release;
		};
/* End XCConfigurationList section */
	};
	rootObject = BADFADBC277DB38F00D17DFE /* Project object */;
}
